
Microsoft Visual Studio Solution File, Format Version 12.00
# Visual Studio Version 17
VisualStudioVersion = 17.8.34330.188
MinimumVisualStudioVersion = 10.0.40219.1
Project("{FAE04EC0-301F-11D3-BF4B-00C04F79EFBC}") = "AzureWebApp", "AzureWebApp\AzureWebApp.csproj", "{8295F859-9C4B-4AF2-9081-C4B8AB5B7322}"
EndProject
Global
	GlobalSection(SolutionConfigurationPlatforms) = preSolution
		Debug|Any CPU = Debug|Any CPU
		Release|Any CPU = Release|Any CPU
	EndGlobalSection
	GlobalSection(ProjectConfigurationPlatforms) = postSolution
		{8295F859-9C4B-4AF2-9081-C4B8AB5B7322}.Debug|Any CPU.ActiveCfg = Debug|Any CPU
		{8295F859-9C4B-4AF2-9081-C4B8AB5B7322}.Debug|Any CPU.Build.0 = Debug|Any CPU
		{8295F859-9C4B-4AF2-9081-C4B8AB5B7322}.Release|Any CPU.ActiveCfg = Release|Any CPU
		{8295F859-9C4B-4AF2-9081-C4B8AB5B7322}.Release|Any CPU.Build.0 = Release|Any CPU
	EndGlobalSection
	GlobalSection(SolutionProperties) = preSolution
		HideSolutionNode = FALSE
	EndGlobalSection
	GlobalSection(ExtensibilityGlobals) = postSolution
		SolutionGuid = {AA232787-3B65-45D0-9EEF-02157AAF91E8}
	EndGlobalSection
EndGlobal
